<?xml version="1.0" encoding="UTF-8" standalone="yes" ?>
<CodeBlocks_project_file>
	<FileVersion major="1" minor="6" />
	<Project>
		<Option title="pizza" />
		<Option pch_mode="2" />
		<Option compiler="gcc" />
		<Build>
			<Target title="Debug">
				<Option output="bin/Debug/pizza" prefix_auto="1" extension_auto="1" />
				<Option object_output="obj/Debug/" />
				<Option type="1" />
				<Option compiler="gcc" />
				<Compiler>
					<Add option="-g" />
				</Compiler>
			</Target>
			<Target title="Release">
				<Option output="bin/Release/pizza" prefix_auto="1" extension_auto="1" />
				<Option object_output="obj/Release/" />
				<Option type="1" />
				<Option compiler="gcc" />
				<Compiler>
					<Add option="-O2" />
				</Compiler>
				<Linker>
					<Add option="-s" />
				</Linker>
			</Target>
		</Build>
		<Compiler>
			<Add option="-Wall" />
			<Add option="-fexceptions" />
			<Add directory="include" />
		</Compiler>
		<Unit filename="include/.DS_Store" />
		<Unit filename="include/exception/exception.h" />
		<Unit filename="include/models/order.h" />
		<Unit filename="include/models/pizza.h" />
		<Unit filename="include/models/pizza_bottom.h" />
		<Unit filename="include/models/pizza_menu.h" />
		<Unit filename="include/models/pizza_place.h" />
		<Unit filename="include/models/pizza_size.h" />
		<Unit filename="include/models/side_order.h" />
		<Unit filename="include/models/topping.h" />
		<Unit filename="include/models/user.h" />
		<Unit filename="include/repositories/order_data.h" />
		<Unit filename="include/repositories/p_data.h" />
		<Unit filename="include/repositories/pizza_bottom_data.h" />
		<Unit filename="include/repositories/pizza_place_data.h" />
		<Unit filename="include/repositories/pizza_size_data.h" />
		<Unit filename="include/repositories/side_order_data.h" />
		<Unit filename="include/repositories/topping_data.h" />
		<Unit filename="include/repositories/user_data.h" />
		<Unit filename="include/services/baking.h" />
		<Unit filename="include/services/delivery.h" />
		<Unit filename="include/services/manage.h" />
		<Unit filename="include/services/sales.h" />
		<Unit filename="include/services/sales_numbers.h" />
		<Unit filename="include/ui/menu.h" />
		<Unit filename="include/ui/menu_baking.h" />
		<Unit filename="include/ui/menu_delivery.h" />
		<Unit filename="include/ui/menu_login.h" />
		<Unit filename="include/ui/menu_manage.h" />
		<Unit filename="include/ui/menu_numbers.h" />
		<Unit filename="include/ui/menu_pizza.h" />
		<Unit filename="include/ui/menu_place.h" />
		<Unit filename="include/ui/menu_sales.h" />
		<Unit filename="include/ui/menu_shorthand.h" />
		<Unit filename="src/.DS_Store" />
		<Unit filename="src/exception/exception.cpp" />
		<Unit filename="src/main.cpp" />
		<Unit filename="src/models/order.cpp" />
		<Unit filename="src/models/pizza.cpp" />
		<Unit filename="src/models/pizza_bottom.cpp" />
		<Unit filename="src/models/pizza_menu.cpp" />
		<Unit filename="src/models/pizza_place.cpp" />
		<Unit filename="src/models/pizza_size.cpp" />
		<Unit filename="src/models/side_order.cpp" />
		<Unit filename="src/models/topping.cpp" />
		<Unit filename="src/models/user.cpp" />
		<Unit filename="src/repositories/order_data.cpp" />
		<Unit filename="src/repositories/p_data.cpp" />
		<Unit filename="src/repositories/pizza_bottom_data.cpp" />
		<Unit filename="src/repositories/pizza_place_data.cpp" />
		<Unit filename="src/repositories/pizza_size_data.cpp" />
		<Unit filename="src/repositories/side_order_data.cpp" />
		<Unit filename="src/repositories/topping_data.cpp" />
		<Unit filename="src/repositories/user_data.cpp" />
		<Unit filename="src/services/baking.cpp" />
		<Unit filename="src/services/delivery.cpp" />
		<Unit filename="src/services/manage.cpp" />
		<Unit filename="src/services/sales.cpp" />
		<Unit filename="src/services/sales_numbers.cpp" />
		<Unit filename="src/ui/menu.cpp" />
		<Unit filename="src/ui/menu_baking.cpp" />
		<Unit filename="src/ui/menu_delivery.cpp" />
		<Unit filename="src/ui/menu_login.cpp" />
		<Unit filename="src/ui/menu_manage.cpp" />
		<Unit filename="src/ui/menu_numbers.cpp" />
		<Unit filename="src/ui/menu_pizza.cpp" />
		<Unit filename="src/ui/menu_place.cpp" />
		<Unit filename="src/ui/menu_sales.cpp" />
		<Unit filename="src/ui/menu_shorthand.cpp" />
		<Extensions>
			<code_completion />
			<envvars />
			<debugger />
		</Extensions>
	</Project>
</CodeBlocks_project_file>
