<?xml version="1.0" encoding="UTF-8" standalone="yes" ?>
<CodeBlocks_project_file>
	<FileVersion major="1" minor="6" />
	<Project>
		<Option title="pizza" />
		<Option pch_mode="2" />
		<Option compiler="gcc" />
		<Build>
			<Target title="Debug">
				<Option output="bin/Debug/pizza" prefix_auto="1" extension_auto="1" />
				<Option object_output="obj/Debug/" />
				<Option type="1" />
				<Option compiler="gcc" />
				<Compiler>
					<Add option="-g" />
				</Compiler>
			</Target>
			<Target title="Release">
				<Option output="bin/Release/pizza" prefix_auto="1" extension_auto="1" />
				<Option object_output="obj/Release/" />
				<Option type="1" />
				<Option compiler="gcc" />
				<Compiler>
					<Add option="-O2" />
				</Compiler>
				<Linker>
					<Add option="-s" />
				</Linker>
			</Target>
		</Build>
		<Compiler>
			<Add option="-Wall" />
			<Add option="-fexceptions" />
			<Add directory="include" />
		</Compiler>
		<Unit filename="include/.DS_Store" />
		<Unit filename="include/baking.h" />
		<Unit filename="include/delivery.h" />
		<Unit filename="include/manage.h" />
		<Unit filename="include/menu.h" />
		<Unit filename="include/menu_baking.h" />
		<Unit filename="include/menu_delivery.h" />
		<Unit filename="include/menu_manage.h" />
		<Unit filename="include/menu_pizza.h" />
		<Unit filename="include/menu_place.h" />
		<Unit filename="include/menu_sales.h" />
		<Unit filename="include/order.h" />
		<Unit filename="include/order_data.h" />
		<Unit filename="include/p_data.h" />
		<Unit filename="include/pizza.h" />
		<Unit filename="include/pizza_bottom.h" />
		<Unit filename="include/pizza_bottom_BACKUP_7280.h" />
		<Unit filename="include/pizza_bottom_BASE_7280.h" />
		<Unit filename="include/pizza_bottom_LOCAL_7280.h" />
		<Unit filename="include/pizza_bottom_REMOTE_7280.h" />
		<Unit filename="include/pizza_bottom_data.h" />
		<Unit filename="include/pizza_menu.h" />
		<Unit filename="include/pizza_place.h" />
		<Unit filename="include/pizza_place_data.h" />
		<Unit filename="include/pizza_size.h" />
		<Unit filename="include/pizza_size_data.h" />
		<Unit filename="include/sales.h" />
		<Unit filename="include/side_order.h" />
		<Unit filename="include/side_order_data.h" />
		<Unit filename="include/topping.h" />
		<Unit filename="include/topping_data.h" />
		<Unit filename="src/.DS_Store" />
		<Unit filename="src/baking.cpp" />
		<Unit filename="src/delivery.cpp" />
		<Unit filename="src/main.cpp" />
		<Unit filename="src/manage.cpp" />
		<Unit filename="src/menu.cpp" />
		<Unit filename="src/menu_baking.cpp" />
		<Unit filename="src/menu_delivery.cpp" />
		<Unit filename="src/menu_manage.cpp" />
		<Unit filename="src/menu_pizza.cpp" />
		<Unit filename="src/menu_place.cpp" />
		<Unit filename="src/menu_sales.cpp" />
		<Unit filename="src/order.cpp" />
		<Unit filename="src/order_data.cpp" />
		<Unit filename="src/p_data.cpp" />
		<Unit filename="src/pizza.cpp" />
		<Unit filename="src/pizza_bottom.cpp" />
		<Unit filename="src/pizza_bottom_data.cpp" />
		<Unit filename="src/pizza_menu.cpp" />
		<Unit filename="src/pizza_place.cpp" />
		<Unit filename="src/pizza_place_data.cpp" />
		<Unit filename="src/pizza_size.cpp" />
		<Unit filename="src/pizza_size_data.cpp" />
		<Unit filename="src/sales.cpp" />
		<Unit filename="src/side_order.cpp" />
		<Unit filename="src/side_order_data.cpp" />
		<Unit filename="src/topping.cpp" />
		<Unit filename="src/topping_data.cpp" />
		<Extensions>
			<code_completion />
			<envvars />
			<debugger />
		</Extensions>
	</Project>
</CodeBlocks_project_file>
